
Microsoft Visual Studio Solution File, Format Version 12.00
# Visual Studio Version 17
VisualStudioVersion = 17.12.35707.178 d17.12
MinimumVisualStudioVersion = 10.0.40219.1
Project("{FAE04EC0-301F-11D3-BF4B-00C04F79EFBC}") = "Abhishek_Dot_net_Assignment", "Abhishek_Dot_net_Assignment.csproj", "{8A406981-0F02-42B3-892D-D6F81BAE99A7}"
EndProject
Global
	GlobalSection(SolutionConfigurationPlatforms) = preSolution
		Debug|Any CPU = Debug|Any CPU
		Release|Any CPU = Release|Any CPU
	EndGlobalSection
	GlobalSection(ProjectConfigurationPlatforms) = postSolution
		{8A406981-0F02-42B3-892D-D6F81BAE99A7}.Debug|Any CPU.ActiveCfg = Debug|Any CPU
		{8A406981-0F02-42B3-892D-D6F81BAE99A7}.Debug|Any CPU.Build.0 = Debug|Any CPU
		{8A406981-0F02-42B3-892D-D6F81BAE99A7}.Release|Any CPU.ActiveCfg = Release|Any CPU
		{8A406981-0F02-42B3-892D-D6F81BAE99A7}.Release|Any CPU.Build.0 = Release|Any CPU
	EndGlobalSection
	GlobalSection(SolutionProperties) = preSolution
		HideSolutionNode = FALSE
	EndGlobalSection
EndGlobal
